// !$*UTF8*$!
{
	archiveVersion = 1;
	classes = {
	};
	objectVersion = 55;
	objects = {

/* Begin PBXBuildFile section */
		AF49AA0D28CCE06400D66D48 /* purple_flower.mlmodel in Sources */ = {isa = PBXBuildFile; fileRef = AF49AA0C28CCE06400D66D48 /* purple_flower.mlmodel */; };
		AF6B824028BE139700F5550D /* AppDelegate.swift in Sources */ = {isa = PBXBuildFile; fileRef = AF6B823F28BE139700F5550D /* AppDelegate.swift */; };
		AF6B824228BE139700F5550D /* SceneDelegate.swift in Sources */ = {isa = PBXBuildFile; fileRef = AF6B824128BE139700F5550D /* SceneDelegate.swift */; };
		AF6B824428BE139700F5550D /* ViewController.swift in Sources */ = {isa = PBXBuildFile; fileRef = AF6B824328BE139700F5550D /* ViewController.swift */; };
		AF6B824728BE139700F5550D /* Main.storyboard in Resources */ = {isa = PBXBuildFile; fileRef = AF6B824528BE139700F5550D /* Main.storyboard */; };
		AF6B824928BE139800F5550D /* Assets.xcassets in Resources */ = {isa = PBXBuildFile; fileRef = AF6B824828BE139800F5550D /* Assets.xcassets */; };
		AF6B824C28BE139800F5550D /* LaunchScreen.storyboard in Resources */ = {isa = PBXBuildFile; fileRef = AF6B824A28BE139800F5550D /* LaunchScreen.storyboard */; };
		AF6B825428BE28E000F5550D /* JohnLennonFilter.mlmodel in Sources */ = {isa = PBXBuildFile; fileRef = AF6B825328BE28E000F5550D /* JohnLennonFilter.mlmodel */; };
/* End PBXBuildFile section */

/* Begin PBXFileReference section */
		AF49AA0C28CCE06400D66D48 /* purple_flower.mlmodel */ = {isa = PBXFileReference; lastKnownFileType = file.mlmodel; path = purple_flower.mlmodel; sourceTree = "<group>"; };
		AF6B823C28BE139700F5550D /* autoFanArt.app */ = {isa = PBXFileReference; explicitFileType = wrapper.application; includeInIndex = 0; path = autoFanArt.app; sourceTree = BUILT_PRODUCTS_DIR; };
		AF6B823F28BE139700F5550D /* AppDelegate.swift */ = {isa = PBXFileReference; lastKnownFileType = sourcecode.swift; path = AppDelegate.swift; sourceTree = "<group>"; };
		AF6B824128BE139700F5550D /* SceneDelegate.swift */ = {isa = PBXFileReference; lastKnownFileType = sourcecode.swift; path = SceneDelegate.swift; sourceTree = "<group>"; };
		AF6B824328BE139700F5550D /* ViewController.swift */ = {isa = PBXFileReference; lastKnownFileType = sourcecode.swift; path = ViewController.swift; sourceTree = "<group>"; };
		AF6B824628BE139700F5550D /* Base */ = {isa = PBXFileReference; lastKnownFileType = file.storyboard; name = Base; path = Base.lproj/Main.storyboard; sourceTree = "<group>"; };
		AF6B824828BE139800F5550D /* Assets.xcassets */ = {isa = PBXFileReference; lastKnownFileType = folder.assetcatalog; path = Assets.xcassets; sourceTree = "<group>"; };
		AF6B824B28BE139800F5550D /* Base */ = {isa = PBXFileReference; lastKnownFileType = file.storyboard; name = Base; path = Base.lproj/LaunchScreen.storyboard; sourceTree = "<group>"; };
		AF6B824D28BE139800F5550D /* Info.plist */ = {isa = PBXFileReference; lastKnownFileType = text.plist.xml; path = Info.plist; sourceTree = "<group>"; };
		AF6B825328BE28E000F5550D /* JohnLennonFilter.mlmodel */ = {isa = PBXFileReference; lastKnownFileType = file.mlmodel; path = JohnLennonFilter.mlmodel; sourceTree = "<group>"; };
/* End PBXFileReference section */

/* Begin PBXFrameworksBuildPhase section */
		AF6B823928BE139700F5550D /* Frameworks */ = {
			isa = PBXFrameworksBuildPhase;
			buildActionMask = 2147483647;
			files = (
			);
			runOnlyForDeploymentPostprocessing = 0;
		};
/* End PBXFrameworksBuildPhase section */

/* Begin PBXGroup section */
		AF6B823328BE139700F5550D = {
			isa = PBXGroup;
			children = (
				AF6B823E28BE139700F5550D /* autoFanArt */,
				AF6B823D28BE139700F5550D /* Products */,
			);
			sourceTree = "<group>";
		};
		AF6B823D28BE139700F5550D /* Products */ = {
			isa = PBXGroup;
			children = (
				AF6B823C28BE139700F5550D /* autoFanArt.app */,
			);
			name = Products;
			sourceTree = "<group>";
		};
		AF6B823E28BE139700F5550D /* autoFanArt */ = {
			isa = PBXGroup;
			children = (
				AF6B823F28BE139700F5550D /* AppDelegate.swift */,
				AF6B824128BE139700F5550D /* SceneDelegate.swift */,
				AF6B824328BE139700F5550D /* ViewController.swift */,
				AF6B824528BE139700F5550D /* Main.storyboard */,
				AF6B824828BE139800F5550D /* Assets.xcassets */,
				AF6B824A28BE139800F5550D /* LaunchScreen.storyboard */,
				AF6B824D28BE139800F5550D /* Info.plist */,
				AF6B825328BE28E000F5550D /* JohnLennonFilter.mlmodel */,
				AF49AA0C28CCE06400D66D48 /* purple_flower.mlmodel */,
			);
			path = autoFanArt;
			sourceTree = "<group>";
		};
/* End PBXGroup section */

/* Begin PBXNativeTarget section */
		AF6B823B28BE139700F5550D /* autoFanArt */ = {
			isa = PBXNativeTarget;
			buildConfigurationList = AF6B825028BE139800F5550D /* Build configuration list for PBXNativeTarget "autoFanArt" */;
			buildPhases = (
				AF6B823828BE139700F5550D /* Sources */,
				AF6B823928BE139700F5550D /* Frameworks */,
				AF6B823A28BE139700F5550D /* Resources */,
			);
			buildRules = (
			);
			dependencies = (
			);
			name = autoFanArt;
			productName = autoFanArt;
			productReference = AF6B823C28BE139700F5550D /* autoFanArt.app */;
			productType = "com.apple.product-type.application";
		};
/* End PBXNativeTarget section */

/* Begin PBXProject section */
		AF6B823428BE139700F5550D /* Project object */ = {
			isa = PBXProject;
			attributes = {
				BuildIndependentTargetsInParallel = 1;
				LastSwiftUpdateCheck = 1340;
				LastUpgradeCheck = 1340;
				TargetAttributes = {
					AF6B823B28BE139700F5550D = {
						CreatedOnToolsVersion = 13.4.1;
					};
				};
			};
			buildConfigurationList = AF6B823728BE139700F5550D /* Build configuration list for PBXProject "autoFanArt" */;
			compatibilityVersion = "Xcode 13.0";
			developmentRegion = en;
			hasScannedForEncodings = 0;
			knownRegions = (
				en,
				Base,
			);
			mainGroup = AF6B823328BE139700F5550D;
			productRefGroup = AF6B823D28BE139700F5550D /* Products */;
			projectDirPath = "";
			projectRoot = "";
			targets = (
				AF6B823B28BE139700F5550D /* autoFanArt */,
			);
		};
/* End PBXProject section */

/* Begin PBXResourcesBuildPhase section */
		AF6B823A28BE139700F5550D /* Resources */ = {
			isa = PBXResourcesBuildPhase;
			buildActionMask = 2147483647;
			files = (
				AF6B824C28BE139800F5550D /* LaunchScreen.storyboard in Resources */,
				AF6B824928BE139800F5550D /* Assets.xcassets in Resources */,
				AF6B824728BE139700F5550D /* Main.storyboard in Resources */,
			);
			runOnlyForDeploymentPostprocessing = 0;
		};
/* End PBXResourcesBuildPhase section */

/* Begin PBXSourcesBuildPhase section */
		AF6B823828BE139700F5550D /* Sources */ = {
			isa = PBXSourcesBuildPhase;
			buildActionMask = 2147483647;
			files = (
				AF6B824428BE139700F5550D /* ViewController.swift in Sources */,
				AF6B824028BE139700F5550D /* AppDelegate.swift in Sources */,
				AF6B824228BE139700F5550D /* SceneDelegate.swift in Sources */,
				AF49AA0D28CCE06400D66D48 /* purple_flower.mlmodel in Sources */,
				AF6B825428BE28E000F5550D /* JohnLennonFilter.mlmodel in Sources */,
			);
			runOnlyForDeploymentPostprocessing = 0;
		};
/* End PBXSourcesBuildPhase section */

/* Begin PBXVariantGroup section */
		AF6B824528BE139700F5550D /* Main.storyboard */ = {
			isa = PBXVariantGroup;
			children = (
				AF6B824628BE139700F5550D /* Base */,
			);
			name = Main.storyboard;
			sourceTree = "<group>";
		};
		AF6B824A28BE139800F5550D /* LaunchScreen.storyboard */ = {
			isa = PBXVariantGroup;
			children = (
				AF6B824B28BE139800F5550D /* Base */,
			);
			name = LaunchScreen.storyboard;
			sourceTree = "<group>";
		};
/* End PBXVariantGroup section */

/* Begin XCBuildConfiguration section */
		AF6B824E28BE139800F5550D /* Debug */ = {
			isa = XCBuildConfiguration;
			buildSettings = {
				ALWAYS_SEARCH_USER_PATHS = NO;
				CLANG_ANALYZER_NONNULL = YES;
				CLANG_ANALYZER_NUMBER_OBJECT_CONVERSION = YES_AGGRESSIVE;
				CLANG_CXX_LANGUAGE_STANDARD = "gnu++17";
				CLANG_ENABLE_MODULES = YES;
				CLANG_ENABLE_OBJC_ARC = YES;
				CLANG_ENABLE_OBJC_WEAK = YES;
				CLANG_WARN_BLOCK_CAPTURE_AUTORELEASING = YES;
				CLANG_WARN_BOOL_CONVERSION = YES;
				CLANG_WARN_COMMA = YES;
				CLANG_WARN_CONSTANT_CONVERSION = YES;
				CLANG_WARN_DEPRECATED_OBJC_IMPLEMENTATIONS = YES;
				CLANG_WARN_DIRECT_OBJC_ISA_USAGE = YES_ERROR;
				CLANG_WARN_DOCUMENTATION_COMMENTS = YES;
				CLANG_WARN_EMPTY_BODY = YES;
				CLANG_WARN_ENUM_CONVERSION = YES;
				CLANG_WARN_INFINITE_RECURSION = YES;
				CLANG_WARN_INT_CONVERSION = YES;
				CLANG_WARN_NON_LITERAL_NULL_CONVERSION = YES;
				CLANG_WARN_OBJC_IMPLICIT_RETAIN_SELF = YES;
				CLANG_WARN_OBJC_LITERAL_CONVERSION = YES;
				CLANG_WARN_OBJC_ROOT_CLASS = YES_ERROR;
				CLANG_WARN_QUOTED_INCLUDE_IN_FRAMEWORK_HEADER = YES;
				CLANG_WARN_RANGE_LOOP_ANALYSIS = YES;
				CLANG_WARN_STRICT_PROTOTYPES = YES;
				CLANG_WARN_SUSPICIOUS_MOVE = YES;
				CLANG_WARN_UNGUARDED_AVAILABILITY = YES_AGGRESSIVE;
				CLANG_WARN_UNREACHABLE_CODE = YES;
				CLANG_WARN__DUPLICATE_METHOD_MATCH = YES;
				COPY_PHASE_STRIP = NO;
				DEBUG_INFORMATION_FORMAT = dwarf;
				ENABLE_STRICT_OBJC_MSGSEND = YES;
				ENABLE_TESTABILITY = YES;
				GCC_C_LANGUAGE_STANDARD = gnu11;
				GCC_DYNAMIC_NO_PIC = NO;
				GCC_NO_COMMON_BLOCKS = YES;
				GCC_OPTIMIZATION_LEVEL = 0;
				GCC_PREPROCESSOR_DEFINITIONS = (
					"DEBUG=1",
					"$(inherited)",
				);
				GCC_WARN_64_TO_32_BIT_CONVERSION = YES;
				GCC_WARN_ABOUT_RETURN_TYPE = YES_ERROR;
				GCC_WARN_UNDECLARED_SELECTOR = YES;
				GCC_WARN_UNINITIALIZED_AUTOS = YES_AGGRESSIVE;
				GCC_WARN_UNUSED_FUNCTION = YES;
				GCC_WARN_UNUSED_VARIABLE = YES;
				IPHONEOS_DEPLOYMENT_TARGET = 15.5;
				MTL_ENABLE_DEBUG_INFO = INCLUDE_SOURCE;
				MTL_FAST_MATH = YES;
				ONLY_ACTIVE_ARCH = YES;
				SDKROOT = iphoneos;
				SWIFT_ACTIVE_COMPILATION_CONDITIONS = DEBUG;
				SWIFT_OPTIMIZATION_LEVEL = "-Onone";
			};
			name = Debug;
		};
		AF6B824F28BE139800F5550D /* Release */ = {
			isa = XCBuildConfiguration;
			buildSettings = {
				ALWAYS_SEARCH_USER_PATHS = NO;
				CLANG_ANALYZER_NONNULL = YES;
				CLANG_ANALYZER_NUMBER_OBJECT_CONVERSION = YES_AGGRESSIVE;
				CLANG_CXX_LANGUAGE_STANDARD = "gnu++17";
				CLANG_ENABLE_MODULES = YES;
				CLANG_ENABLE_OBJC_ARC = YES;
				CLANG_ENABLE_OBJC_WEAK = YES;
				CLANG_WARN_BLOCK_CAPTURE_AUTORELEASING = YES;
				CLANG_WARN_BOOL_CONVERSION = YES;
				CLANG_WARN_COMMA = YES;
				CLANG_WARN_CONSTANT_CONVERSION = YES;
				CLANG_WARN_DEPRECATED_OBJC_IMPLEMENTATIONS = YES;
				CLANG_WARN_DIRECT_OBJC_ISA_USAGE = YES_ERROR;
				CLANG_WARN_DOCUMENTATION_COMMENTS = YES;
				CLANG_WARN_EMPTY_BODY = YES;
				CLANG_WARN_ENUM_CONVERSION = YES;
				CLANG_WARN_INFINITE_RECURSION = YES;
				CLANG_WARN_INT_CONVERSION = YES;
				CLANG_WARN_NON_LITERAL_NULL_CONVERSION = YES;
				CLANG_WARN_OBJC_IMPLICIT_RETAIN_SELF = YES;
				CLANG_WARN_OBJC_LITERAL_CONVERSION = YES;
				CLANG_WARN_OBJC_ROOT_CLASS = YES_ERROR;
				CLANG_WARN_QUOTED_INCLUDE_IN_FRAMEWORK_HEADER = YES;
				CLANG_WARN_RANGE_LOOP_ANALYSIS = YES;
				CLANG_WARN_STRICT_PROTOTYPES = YES;
				CLANG_WARN_SUSPICIOUS_MOVE = YES;
				CLANG_WARN_UNGUARDED_AVAILABILITY = YES_AGGRESSIVE;
				CLANG_WARN_UNREACHABLE_CODE = YES;
				CLANG_WARN__DUPLICATE_METHOD_MATCH = YES;
				COPY_PHASE_STRIP = NO;
				DEBUG_INFORMATION_FORMAT = "dwarf-with-dsym";
				ENABLE_NS_ASSERTIONS = NO;
				ENABLE_STRICT_OBJC_MSGSEND = YES;
				GCC_C_LANGUAGE_STANDARD = gnu11;
				GCC_NO_COMMON_BLOCKS = YES;
				GCC_WARN_64_TO_32_BIT_CONVERSION = YES;
				GCC_WARN_ABOUT_RETURN_TYPE = YES_ERROR;
				GCC_WARN_UNDECLARED_SELECTOR = YES;
				GCC_WARN_UNINITIALIZED_AUTOS = YES_AGGRESSIVE;
				GCC_WARN_UNUSED_FUNCTION = YES;
				GCC_WARN_UNUSED_VARIABLE = YES;
				IPHONEOS_DEPLOYMENT_TARGET = 15.5;
				MTL_ENABLE_DEBUG_INFO = NO;
				MTL_FAST_MATH = YES;
				SDKROOT = iphoneos;
				SWIFT_COMPILATION_MODE = wholemodule;
				SWIFT_OPTIMIZATION_LEVEL = "-O";
				VALIDATE_PRODUCT = YES;
			};
			name = Release;
		};
		AF6B825128BE139800F5550D /* Debug */ = {
			isa = XCBuildConfiguration;
			buildSettings = {
				ASSETCATALOG_COMPILER_APPICON_NAME = AppIcon;
				ASSETCATALOG_COMPILER_GLOBAL_ACCENT_COLOR_NAME = AccentColor;
				CODE_SIGN_STYLE = Automatic;
				CURRENT_PROJECT_VERSION = 1;
				DEVELOPMENT_TEAM = H4DUZUZV8Z;
				GENERATE_INFOPLIST_FILE = YES;
				INFOPLIST_FILE = autoFanArt/Info.plist;
				INFOPLIST_KEY_UIApplicationSupportsIndirectInputEvents = YES;
				INFOPLIST_KEY_UILaunchStoryboardName = LaunchScreen;
				INFOPLIST_KEY_UIMainStoryboardFile = Main;
				INFOPLIST_KEY_UISupportedInterfaceOrientations_iPad = "UIInterfaceOrientationPortrait UIInterfaceOrientationPortraitUpsideDown UIInterfaceOrientationLandscapeLeft UIInterfaceOrientationLandscapeRight";
				INFOPLIST_KEY_UISupportedInterfaceOrientations_iPhone = "UIInterfaceOrientationPortrait UIInterfaceOrientationLandscapeLeft UIInterfaceOrientationLandscapeRight";
				LD_RUNPATH_SEARCH_PATHS = (
					"$(inherited)",
					"@executable_path/Frameworks",
				);
				MARKETING_VERSION = 1.0;
				PRODUCT_BUNDLE_IDENTIFIER = pos.autoFanArt;
				PRODUCT_NAME = "$(TARGET_NAME)";
				SWIFT_EMIT_LOC_STRINGS = YES;
				SWIFT_VERSION = 5.0;
				TARGETED_DEVICE_FAMILY = "1,2";
			};
			name = Debug;
		};
		AF6B825228BE139800F5550D /* Release */ = {
			isa = XCBuildConfiguration;
			buildSettings = {
				ASSETCATALOG_COMPILER_APPICON_NAME = AppIcon;
				ASSETCATALOG_COMPILER_GLOBAL_ACCENT_COLOR_NAME = AccentColor;
				CODE_SIGN_STYLE = Automatic;
				CURRENT_PROJECT_VERSION = 1;
				DEVELOPMENT_TEAM = H4DUZUZV8Z;
				GENERATE_INFOPLIST_FILE = YES;
				INFOPLIST_FILE = autoFanArt/Info.plist;
				INFOPLIST_KEY_UIApplicationSupportsIndirectInputEvents = YES;
				INFOPLIST_KEY_UILaunchStoryboardName = LaunchScreen;
				INFOPLIST_KEY_UIMainStoryboardFile = Main;
				INFOPLIST_KEY_UISupportedInterfaceOrientations_iPad = "UIInterfaceOrientationPortrait UIInterfaceOrientationPortraitUpsideDown UIInterfaceOrientationLandscapeLeft UIInterfaceOrientationLandscapeRight";
				INFOPLIST_KEY_UISupportedInterfaceOrientations_iPhone = "UIInterfaceOrientationPortrait UIInterfaceOrientationLandscapeLeft UIInterfaceOrientationLandscapeRight";
				LD_RUNPATH_SEARCH_PATHS = (
					"$(inherited)",
					"@executable_path/Frameworks",
				);
				MARKETING_VERSION = 1.0;
				PRODUCT_BUNDLE_IDENTIFIER = pos.autoFanArt;
				PRODUCT_NAME = "$(TARGET_NAME)";
				SWIFT_EMIT_LOC_STRINGS = YES;
				SWIFT_VERSION = 5.0;
				TARGETED_DEVICE_FAMILY = "1,2";
			};
			name = Release;
		};
/* End XCBuildConfiguration section */

/* Begin XCConfigurationList section */
		AF6B823728BE139700F5550D /* Build configuration list for PBXProject "autoFanArt" */ = {
			isa = XCConfigurationList;
			buildConfigurations = (
				AF6B824E28BE139800F5550D /* Debug */,
				AF6B824F28BE139800F5550D /* Release */,
			);
			defaultConfigurationIsVisible = 0;
			defaultConfigurationName = Release;
		};
		AF6B825028BE139800F5550D /* Build configuration list for PBXNativeTarget "autoFanArt" */ = {
			isa = XCConfigurationList;
			buildConfigurations = (
				AF6B825128BE139800F5550D /* Debug */,
				AF6B825228BE139800F5550D /* Release */,
			);
			defaultConfigurationIsVisible = 0;
			defaultConfigurationName = Release;
		};
/* End XCConfigurationList section */
	};
	rootObject = AF6B823428BE139700F5550D /* Project object */;
}
